
Microsoft Visual Studio Solution File, Format Version 12.00
# Visual Studio Version 17
VisualStudioVersion = 17.11.35222.181
MinimumVisualStudioVersion = 10.0.40219.1
Project("{8BC9CEB8-8B4A-11D0-8D11-00A0C91BC942}") = "Task-1", "Task-1\Task-1.vcxproj", "{1BAF6612-2D12-487B-A1BC-44F55211FFA1}"
EndProject
Project("{8BC9CEB8-8B4A-11D0-8D11-00A0C91BC942}") = "Task-2", "Task-2\Task-2.vcxproj", "{0F89E4DB-2324-47E6-A828-672A7E85C622}"
EndProject
Project("{8BC9CEB8-8B4A-11D0-8D11-00A0C91BC942}") = "Task-4", "Task-4\Task-4.vcxproj", "{622B3503-59D2-4B1E-A615-B734E15A9B53}"
EndProject
Project("{8BC9CEB8-8B4A-11D0-8D11-00A0C91BC942}") = "Task-3", "Task-3\Task-3.vcxproj", "{62FF4469-DEB6-483A-AFEB-53C94BAF5DFC}"
EndProject
Project("{8BC9CEB8-8B4A-11D0-8D11-00A0C91BC942}") = "Task-5", "Task-5\Task-5.vcxproj", "{E2C38C77-F4A3-4389-801F-23CD4DA4CFEC}"
EndProject
Project("{8BC9CEB8-8B4A-11D0-8D11-00A0C91BC942}") = "Task-6", "Task-6\Task-6.vcxproj", "{C57D8B46-9FE5-496E-9B5A-C097B787E1DA}"
EndProject
Project("{8BC9CEB8-8B4A-11D0-8D11-00A0C91BC942}") = "Task-7", "Task-7\Task-7.vcxproj", "{08FD714D-53B3-454C-BBAD-47BB661327B8}"
EndProject
Project("{8BC9CEB8-8B4A-11D0-8D11-00A0C91BC942}") = "Task-8", "Task-8\Task-8.vcxproj", "{09882171-D270-4D16-9DE4-63A78C581DC0}"
EndProject
Project("{8BC9CEB8-8B4A-11D0-8D11-00A0C91BC942}") = "Task-9", "Task-9\Task-9.vcxproj", "{AA602929-F1CB-4805-B015-FD288D20A823}"
EndProject
Project("{8BC9CEB8-8B4A-11D0-8D11-00A0C91BC942}") = "Task-10", "Task-10\Task-10.vcxproj", "{D23A3D33-ABEA-46F8-AD82-FCC11A7FBD0E}"
EndProject
Global
	GlobalSection(SolutionConfigurationPlatforms) = preSolution
		Debug|x64 = Debug|x64
		Debug|x86 = Debug|x86
		Release|x64 = Release|x64
		Release|x86 = Release|x86
	EndGlobalSection
	GlobalSection(ProjectConfigurationPlatforms) = postSolution
		{1BAF6612-2D12-487B-A1BC-44F55211FFA1}.Debug|x64.ActiveCfg = Debug|x64
		{1BAF6612-2D12-487B-A1BC-44F55211FFA1}.Debug|x64.Build.0 = Debug|x64
		{1BAF6612-2D12-487B-A1BC-44F55211FFA1}.Debug|x86.ActiveCfg = Debug|Win32
		{1BAF6612-2D12-487B-A1BC-44F55211FFA1}.Debug|x86.Build.0 = Debug|Win32
		{1BAF6612-2D12-487B-A1BC-44F55211FFA1}.Release|x64.ActiveCfg = Release|x64
		{1BAF6612-2D12-487B-A1BC-44F55211FFA1}.Release|x64.Build.0 = Release|x64
		{1BAF6612-2D12-487B-A1BC-44F55211FFA1}.Release|x86.ActiveCfg = Release|Win32
		{1BAF6612-2D12-487B-A1BC-44F55211FFA1}.Release|x86.Build.0 = Release|Win32
		{0F89E4DB-2324-47E6-A828-672A7E85C622}.Debug|x64.ActiveCfg = Debug|x64
		{0F89E4DB-2324-47E6-A828-672A7E85C622}.Debug|x64.Build.0 = Debug|x64
		{0F89E4DB-2324-47E6-A828-672A7E85C622}.Debug|x86.ActiveCfg = Debug|Win32
		{0F89E4DB-2324-47E6-A828-672A7E85C622}.Debug|x86.Build.0 = Debug|Win32
		{0F89E4DB-2324-47E6-A828-672A7E85C622}.Release|x64.ActiveCfg = Release|x64
		{0F89E4DB-2324-47E6-A828-672A7E85C622}.Release|x64.Build.0 = Release|x64
		{0F89E4DB-2324-47E6-A828-672A7E85C622}.Release|x86.ActiveCfg = Release|Win32
		{0F89E4DB-2324-47E6-A828-672A7E85C622}.Release|x86.Build.0 = Release|Win32
		{622B3503-59D2-4B1E-A615-B734E15A9B53}.Debug|x64.ActiveCfg = Debug|x64
		{622B3503-59D2-4B1E-A615-B734E15A9B53}.Debug|x64.Build.0 = Debug|x64
		{622B3503-59D2-4B1E-A615-B734E15A9B53}.Debug|x86.ActiveCfg = Debug|Win32
		{622B3503-59D2-4B1E-A615-B734E15A9B53}.Debug|x86.Build.0 = Debug|Win32
		{622B3503-59D2-4B1E-A615-B734E15A9B53}.Release|x64.ActiveCfg = Release|x64
		{622B3503-59D2-4B1E-A615-B734E15A9B53}.Release|x64.Build.0 = Release|x64
		{622B3503-59D2-4B1E-A615-B734E15A9B53}.Release|x86.ActiveCfg = Release|Win32
		{622B3503-59D2-4B1E-A615-B734E15A9B53}.Release|x86.Build.0 = Release|Win32
		{62FF4469-DEB6-483A-AFEB-53C94BAF5DFC}.Debug|x64.ActiveCfg = Debug|x64
		{62FF4469-DEB6-483A-AFEB-53C94BAF5DFC}.Debug|x64.Build.0 = Debug|x64
		{62FF4469-DEB6-483A-AFEB-53C94BAF5DFC}.Debug|x86.ActiveCfg = Debug|Win32
		{62FF4469-DEB6-483A-AFEB-53C94BAF5DFC}.Debug|x86.Build.0 = Debug|Win32
		{62FF4469-DEB6-483A-AFEB-53C94BAF5DFC}.Release|x64.ActiveCfg = Release|x64
		{62FF4469-DEB6-483A-AFEB-53C94BAF5DFC}.Release|x64.Build.0 = Release|x64
		{62FF4469-DEB6-483A-AFEB-53C94BAF5DFC}.Release|x86.ActiveCfg = Release|Win32
		{62FF4469-DEB6-483A-AFEB-53C94BAF5DFC}.Release|x86.Build.0 = Release|Win32
		{E2C38C77-F4A3-4389-801F-23CD4DA4CFEC}.Debug|x64.ActiveCfg = Debug|x64
		{E2C38C77-F4A3-4389-801F-23CD4DA4CFEC}.Debug|x64.Build.0 = Debug|x64
		{E2C38C77-F4A3-4389-801F-23CD4DA4CFEC}.Debug|x86.ActiveCfg = Debug|Win32
		{E2C38C77-F4A3-4389-801F-23CD4DA4CFEC}.Debug|x86.Build.0 = Debug|Win32
		{E2C38C77-F4A3-4389-801F-23CD4DA4CFEC}.Release|x64.ActiveCfg = Release|x64
		{E2C38C77-F4A3-4389-801F-23CD4DA4CFEC}.Release|x64.Build.0 = Release|x64
		{E2C38C77-F4A3-4389-801F-23CD4DA4CFEC}.Release|x86.ActiveCfg = Release|Win32
		{E2C38C77-F4A3-4389-801F-23CD4DA4CFEC}.Release|x86.Build.0 = Release|Win32
		{C57D8B46-9FE5-496E-9B5A-C097B787E1DA}.Debug|x64.ActiveCfg = Debug|x64
		{C57D8B46-9FE5-496E-9B5A-C097B787E1DA}.Debug|x64.Build.0 = Debug|x64
		{C57D8B46-9FE5-496E-9B5A-C097B787E1DA}.Debug|x86.ActiveCfg = Debug|Win32
		{C57D8B46-9FE5-496E-9B5A-C097B787E1DA}.Debug|x86.Build.0 = Debug|Win32
		{C57D8B46-9FE5-496E-9B5A-C097B787E1DA}.Release|x64.ActiveCfg = Release|x64
		{C57D8B46-9FE5-496E-9B5A-C097B787E1DA}.Release|x64.Build.0 = Release|x64
		{C57D8B46-9FE5-496E-9B5A-C097B787E1DA}.Release|x86.ActiveCfg = Release|Win32
		{C57D8B46-9FE5-496E-9B5A-C097B787E1DA}.Release|x86.Build.0 = Release|Win32
		{08FD714D-53B3-454C-BBAD-47BB661327B8}.Debug|x64.ActiveCfg = Debug|x64
		{08FD714D-53B3-454C-BBAD-47BB661327B8}.Debug|x64.Build.0 = Debug|x64
		{08FD714D-53B3-454C-BBAD-47BB661327B8}.Debug|x86.ActiveCfg = Debug|Win32
		{08FD714D-53B3-454C-BBAD-47BB661327B8}.Debug|x86.Build.0 = Debug|Win32
		{08FD714D-53B3-454C-BBAD-47BB661327B8}.Release|x64.ActiveCfg = Release|x64
		{08FD714D-53B3-454C-BBAD-47BB661327B8}.Release|x64.Build.0 = Release|x64
		{08FD714D-53B3-454C-BBAD-47BB661327B8}.Release|x86.ActiveCfg = Release|Win32
		{08FD714D-53B3-454C-BBAD-47BB661327B8}.Release|x86.Build.0 = Release|Win32
		{09882171-D270-4D16-9DE4-63A78C581DC0}.Debug|x64.ActiveCfg = Debug|x64
		{09882171-D270-4D16-9DE4-63A78C581DC0}.Debug|x64.Build.0 = Debug|x64
		{09882171-D270-4D16-9DE4-63A78C581DC0}.Debug|x86.ActiveCfg = Debug|Win32
		{09882171-D270-4D16-9DE4-63A78C581DC0}.Debug|x86.Build.0 = Debug|Win32
		{09882171-D270-4D16-9DE4-63A78C581DC0}.Release|x64.ActiveCfg = Release|x64
		{09882171-D270-4D16-9DE4-63A78C581DC0}.Release|x64.Build.0 = Release|x64
		{09882171-D270-4D16-9DE4-63A78C581DC0}.Release|x86.ActiveCfg = Release|Win32
		{09882171-D270-4D16-9DE4-63A78C581DC0}.Release|x86.Build.0 = Release|Win32
		{AA602929-F1CB-4805-B015-FD288D20A823}.Debug|x64.ActiveCfg = Debug|x64
		{AA602929-F1CB-4805-B015-FD288D20A823}.Debug|x64.Build.0 = Debug|x64
		{AA602929-F1CB-4805-B015-FD288D20A823}.Debug|x86.ActiveCfg = Debug|Win32
		{AA602929-F1CB-4805-B015-FD288D20A823}.Debug|x86.Build.0 = Debug|Win32
		{AA602929-F1CB-4805-B015-FD288D20A823}.Release|x64.ActiveCfg = Release|x64
		{AA602929-F1CB-4805-B015-FD288D20A823}.Release|x64.Build.0 = Release|x64
		{AA602929-F1CB-4805-B015-FD288D20A823}.Release|x86.ActiveCfg = Release|Win32
		{AA602929-F1CB-4805-B015-FD288D20A823}.Release|x86.Build.0 = Release|Win32
		{D23A3D33-ABEA-46F8-AD82-FCC11A7FBD0E}.Debug|x64.ActiveCfg = Debug|x64
		{D23A3D33-ABEA-46F8-AD82-FCC11A7FBD0E}.Debug|x64.Build.0 = Debug|x64
		{D23A3D33-ABEA-46F8-AD82-FCC11A7FBD0E}.Debug|x86.ActiveCfg = Debug|Win32
		{D23A3D33-ABEA-46F8-AD82-FCC11A7FBD0E}.Debug|x86.Build.0 = Debug|Win32
		{D23A3D33-ABEA-46F8-AD82-FCC11A7FBD0E}.Release|x64.ActiveCfg = Release|x64
		{D23A3D33-ABEA-46F8-AD82-FCC11A7FBD0E}.Release|x64.Build.0 = Release|x64
		{D23A3D33-ABEA-46F8-AD82-FCC11A7FBD0E}.Release|x86.ActiveCfg = Release|Win32
		{D23A3D33-ABEA-46F8-AD82-FCC11A7FBD0E}.Release|x86.Build.0 = Release|Win32
	EndGlobalSection
	GlobalSection(SolutionProperties) = preSolution
		HideSolutionNode = FALSE
	EndGlobalSection
	GlobalSection(ExtensibilityGlobals) = postSolution
		SolutionGuid = {7A1D3F7F-489C-4B12-A203-2B01943B0B3C}
	EndGlobalSection
EndGlobal
