
Microsoft Visual Studio Solution File, Format Version 12.00
# Visual Studio Version 17
VisualStudioVersion = 17.11.35222.181
MinimumVisualStudioVersion = 10.0.40219.1
Project("{8BC9CEB8-8B4A-11D0-8D11-00A0C91BC942}") = "Task-01", "Task-1\Task-1.vcxproj", "{D612F3C3-B0B3-4D95-AD38-DA44B4EE04DC}"
EndProject
Project("{8BC9CEB8-8B4A-11D0-8D11-00A0C91BC942}") = "Task-10", "Task-10\Task-10.vcxproj", "{1B2CBBE6-3FB1-4ABC-A591-024957BFB829}"
EndProject
Project("{8BC9CEB8-8B4A-11D0-8D11-00A0C91BC942}") = "Task-08", "Task-08\Task-08.vcxproj", "{AAF9973D-1A62-420E-9077-96162FBC334B}"
EndProject
Project("{8BC9CEB8-8B4A-11D0-8D11-00A0C91BC942}") = "Task-07", "Task-07\Task-07.vcxproj", "{51669068-4382-44DD-B1C4-A1AE0B5E09BA}"
EndProject
Project("{8BC9CEB8-8B4A-11D0-8D11-00A0C91BC942}") = "Task-02", "Task-02\Task-02.vcxproj", "{F82553F2-BE47-4395-BD5A-87A5031317C8}"
EndProject
Project("{8BC9CEB8-8B4A-11D0-8D11-00A0C91BC942}") = "Task-03", "Task-03\Task-03.vcxproj", "{ABA6FF4D-FADE-48B0-97F5-FADF633B8281}"
EndProject
Project("{8BC9CEB8-8B4A-11D0-8D11-00A0C91BC942}") = "Task-04", "Task-04\Task-04.vcxproj", "{340D1CF7-7029-4C60-A238-A00FEAC78983}"
EndProject
Project("{8BC9CEB8-8B4A-11D0-8D11-00A0C91BC942}") = "Task-05", "Task-05\Task-05.vcxproj", "{177BF8F9-D8B0-49EA-8D3E-32390271DEFC}"
EndProject
Project("{8BC9CEB8-8B4A-11D0-8D11-00A0C91BC942}") = "Task-06", "Task-06\Task-06.vcxproj", "{91D1CFA1-9E72-4950-A480-6E616B66F62F}"
EndProject
Project("{8BC9CEB8-8B4A-11D0-8D11-00A0C91BC942}") = "Task-09", "Task-09\Task-09.vcxproj", "{5758FBCF-A323-400E-9FA3-4F317EE7EAAA}"
EndProject
Global
	GlobalSection(SolutionConfigurationPlatforms) = preSolution
		Debug|x64 = Debug|x64
		Debug|x86 = Debug|x86
		Release|x64 = Release|x64
		Release|x86 = Release|x86
	EndGlobalSection
	GlobalSection(ProjectConfigurationPlatforms) = postSolution
		{D612F3C3-B0B3-4D95-AD38-DA44B4EE04DC}.Debug|x64.ActiveCfg = Debug|x64
		{D612F3C3-B0B3-4D95-AD38-DA44B4EE04DC}.Debug|x64.Build.0 = Debug|x64
		{D612F3C3-B0B3-4D95-AD38-DA44B4EE04DC}.Debug|x86.ActiveCfg = Debug|Win32
		{D612F3C3-B0B3-4D95-AD38-DA44B4EE04DC}.Debug|x86.Build.0 = Debug|Win32
		{D612F3C3-B0B3-4D95-AD38-DA44B4EE04DC}.Release|x64.ActiveCfg = Release|x64
		{D612F3C3-B0B3-4D95-AD38-DA44B4EE04DC}.Release|x64.Build.0 = Release|x64
		{D612F3C3-B0B3-4D95-AD38-DA44B4EE04DC}.Release|x86.ActiveCfg = Release|Win32
		{D612F3C3-B0B3-4D95-AD38-DA44B4EE04DC}.Release|x86.Build.0 = Release|Win32
		{1B2CBBE6-3FB1-4ABC-A591-024957BFB829}.Debug|x64.ActiveCfg = Debug|x64
		{1B2CBBE6-3FB1-4ABC-A591-024957BFB829}.Debug|x64.Build.0 = Debug|x64
		{1B2CBBE6-3FB1-4ABC-A591-024957BFB829}.Debug|x86.ActiveCfg = Debug|Win32
		{1B2CBBE6-3FB1-4ABC-A591-024957BFB829}.Debug|x86.Build.0 = Debug|Win32
		{1B2CBBE6-3FB1-4ABC-A591-024957BFB829}.Release|x64.ActiveCfg = Release|x64
		{1B2CBBE6-3FB1-4ABC-A591-024957BFB829}.Release|x64.Build.0 = Release|x64
		{1B2CBBE6-3FB1-4ABC-A591-024957BFB829}.Release|x86.ActiveCfg = Release|Win32
		{1B2CBBE6-3FB1-4ABC-A591-024957BFB829}.Release|x86.Build.0 = Release|Win32
		{AAF9973D-1A62-420E-9077-96162FBC334B}.Debug|x64.ActiveCfg = Debug|x64
		{AAF9973D-1A62-420E-9077-96162FBC334B}.Debug|x64.Build.0 = Debug|x64
		{AAF9973D-1A62-420E-9077-96162FBC334B}.Debug|x86.ActiveCfg = Debug|Win32
		{AAF9973D-1A62-420E-9077-96162FBC334B}.Debug|x86.Build.0 = Debug|Win32
		{AAF9973D-1A62-420E-9077-96162FBC334B}.Release|x64.ActiveCfg = Release|x64
		{AAF9973D-1A62-420E-9077-96162FBC334B}.Release|x64.Build.0 = Release|x64
		{AAF9973D-1A62-420E-9077-96162FBC334B}.Release|x86.ActiveCfg = Release|Win32
		{AAF9973D-1A62-420E-9077-96162FBC334B}.Release|x86.Build.0 = Release|Win32
		{51669068-4382-44DD-B1C4-A1AE0B5E09BA}.Debug|x64.ActiveCfg = Debug|x64
		{51669068-4382-44DD-B1C4-A1AE0B5E09BA}.Debug|x64.Build.0 = Debug|x64
		{51669068-4382-44DD-B1C4-A1AE0B5E09BA}.Debug|x86.ActiveCfg = Debug|Win32
		{51669068-4382-44DD-B1C4-A1AE0B5E09BA}.Debug|x86.Build.0 = Debug|Win32
		{51669068-4382-44DD-B1C4-A1AE0B5E09BA}.Release|x64.ActiveCfg = Release|x64
		{51669068-4382-44DD-B1C4-A1AE0B5E09BA}.Release|x64.Build.0 = Release|x64
		{51669068-4382-44DD-B1C4-A1AE0B5E09BA}.Release|x86.ActiveCfg = Release|Win32
		{51669068-4382-44DD-B1C4-A1AE0B5E09BA}.Release|x86.Build.0 = Release|Win32
		{F82553F2-BE47-4395-BD5A-87A5031317C8}.Debug|x64.ActiveCfg = Debug|x64
		{F82553F2-BE47-4395-BD5A-87A5031317C8}.Debug|x64.Build.0 = Debug|x64
		{F82553F2-BE47-4395-BD5A-87A5031317C8}.Debug|x86.ActiveCfg = Debug|Win32
		{F82553F2-BE47-4395-BD5A-87A5031317C8}.Debug|x86.Build.0 = Debug|Win32
		{F82553F2-BE47-4395-BD5A-87A5031317C8}.Release|x64.ActiveCfg = Release|x64
		{F82553F2-BE47-4395-BD5A-87A5031317C8}.Release|x64.Build.0 = Release|x64
		{F82553F2-BE47-4395-BD5A-87A5031317C8}.Release|x86.ActiveCfg = Release|Win32
		{F82553F2-BE47-4395-BD5A-87A5031317C8}.Release|x86.Build.0 = Release|Win32
		{ABA6FF4D-FADE-48B0-97F5-FADF633B8281}.Debug|x64.ActiveCfg = Debug|x64
		{ABA6FF4D-FADE-48B0-97F5-FADF633B8281}.Debug|x64.Build.0 = Debug|x64
		{ABA6FF4D-FADE-48B0-97F5-FADF633B8281}.Debug|x86.ActiveCfg = Debug|Win32
		{ABA6FF4D-FADE-48B0-97F5-FADF633B8281}.Debug|x86.Build.0 = Debug|Win32
		{ABA6FF4D-FADE-48B0-97F5-FADF633B8281}.Release|x64.ActiveCfg = Release|x64
		{ABA6FF4D-FADE-48B0-97F5-FADF633B8281}.Release|x64.Build.0 = Release|x64
		{ABA6FF4D-FADE-48B0-97F5-FADF633B8281}.Release|x86.ActiveCfg = Release|Win32
		{ABA6FF4D-FADE-48B0-97F5-FADF633B8281}.Release|x86.Build.0 = Release|Win32
		{340D1CF7-7029-4C60-A238-A00FEAC78983}.Debug|x64.ActiveCfg = Debug|x64
		{340D1CF7-7029-4C60-A238-A00FEAC78983}.Debug|x64.Build.0 = Debug|x64
		{340D1CF7-7029-4C60-A238-A00FEAC78983}.Debug|x86.ActiveCfg = Debug|Win32
		{340D1CF7-7029-4C60-A238-A00FEAC78983}.Debug|x86.Build.0 = Debug|Win32
		{340D1CF7-7029-4C60-A238-A00FEAC78983}.Release|x64.ActiveCfg = Release|x64
		{340D1CF7-7029-4C60-A238-A00FEAC78983}.Release|x64.Build.0 = Release|x64
		{340D1CF7-7029-4C60-A238-A00FEAC78983}.Release|x86.ActiveCfg = Release|Win32
		{340D1CF7-7029-4C60-A238-A00FEAC78983}.Release|x86.Build.0 = Release|Win32
		{177BF8F9-D8B0-49EA-8D3E-32390271DEFC}.Debug|x64.ActiveCfg = Debug|x64
		{177BF8F9-D8B0-49EA-8D3E-32390271DEFC}.Debug|x64.Build.0 = Debug|x64
		{177BF8F9-D8B0-49EA-8D3E-32390271DEFC}.Debug|x86.ActiveCfg = Debug|Win32
		{177BF8F9-D8B0-49EA-8D3E-32390271DEFC}.Debug|x86.Build.0 = Debug|Win32
		{177BF8F9-D8B0-49EA-8D3E-32390271DEFC}.Release|x64.ActiveCfg = Release|x64
		{177BF8F9-D8B0-49EA-8D3E-32390271DEFC}.Release|x64.Build.0 = Release|x64
		{177BF8F9-D8B0-49EA-8D3E-32390271DEFC}.Release|x86.ActiveCfg = Release|Win32
		{177BF8F9-D8B0-49EA-8D3E-32390271DEFC}.Release|x86.Build.0 = Release|Win32
		{91D1CFA1-9E72-4950-A480-6E616B66F62F}.Debug|x64.ActiveCfg = Debug|x64
		{91D1CFA1-9E72-4950-A480-6E616B66F62F}.Debug|x64.Build.0 = Debug|x64
		{91D1CFA1-9E72-4950-A480-6E616B66F62F}.Debug|x86.ActiveCfg = Debug|Win32
		{91D1CFA1-9E72-4950-A480-6E616B66F62F}.Debug|x86.Build.0 = Debug|Win32
		{91D1CFA1-9E72-4950-A480-6E616B66F62F}.Release|x64.ActiveCfg = Release|x64
		{91D1CFA1-9E72-4950-A480-6E616B66F62F}.Release|x64.Build.0 = Release|x64
		{91D1CFA1-9E72-4950-A480-6E616B66F62F}.Release|x86.ActiveCfg = Release|Win32
		{91D1CFA1-9E72-4950-A480-6E616B66F62F}.Release|x86.Build.0 = Release|Win32
		{5758FBCF-A323-400E-9FA3-4F317EE7EAAA}.Debug|x64.ActiveCfg = Debug|x64
		{5758FBCF-A323-400E-9FA3-4F317EE7EAAA}.Debug|x64.Build.0 = Debug|x64
		{5758FBCF-A323-400E-9FA3-4F317EE7EAAA}.Debug|x86.ActiveCfg = Debug|Win32
		{5758FBCF-A323-400E-9FA3-4F317EE7EAAA}.Debug|x86.Build.0 = Debug|Win32
		{5758FBCF-A323-400E-9FA3-4F317EE7EAAA}.Release|x64.ActiveCfg = Release|x64
		{5758FBCF-A323-400E-9FA3-4F317EE7EAAA}.Release|x64.Build.0 = Release|x64
		{5758FBCF-A323-400E-9FA3-4F317EE7EAAA}.Release|x86.ActiveCfg = Release|Win32
		{5758FBCF-A323-400E-9FA3-4F317EE7EAAA}.Release|x86.Build.0 = Release|Win32
	EndGlobalSection
	GlobalSection(SolutionProperties) = preSolution
		HideSolutionNode = FALSE
	EndGlobalSection
	GlobalSection(ExtensibilityGlobals) = postSolution
		SolutionGuid = {3ED73668-1564-4BA1-A034-F6C2363CED0C}
	EndGlobalSection
EndGlobal
